
Microsoft Visual Studio Solution File, Format Version 12.00
# Visual Studio Version 17
VisualStudioVersion = 17.5.002.0
MinimumVisualStudioVersion = 10.0.40219.1
Project("{9A19103F-16F7-4668-BE54-9A1E7A4F7556}") = "MarketTask.Infrastructure", "MarketTask.Infrastructure.csproj", "{48CFF3F4-9E94-4A6D-8C0A-7613A99BC12B}"
EndProject
Global
	GlobalSection(SolutionConfigurationPlatforms) = preSolution
		Debug|Any CPU = Debug|Any CPU
		Release|Any CPU = Release|Any CPU
	EndGlobalSection
	GlobalSection(ProjectConfigurationPlatforms) = postSolution
		{48CFF3F4-9E94-4A6D-8C0A-7613A99BC12B}.Debug|Any CPU.ActiveCfg = Debug|Any CPU
		{48CFF3F4-9E94-4A6D-8C0A-7613A99BC12B}.Debug|Any CPU.Build.0 = Debug|Any CPU
		{48CFF3F4-9E94-4A6D-8C0A-7613A99BC12B}.Release|Any CPU.ActiveCfg = Release|Any CPU
		{48CFF3F4-9E94-4A6D-8C0A-7613A99BC12B}.Release|Any CPU.Build.0 = Release|Any CPU
	EndGlobalSection
	GlobalSection(SolutionProperties) = preSolution
		HideSolutionNode = FALSE
	EndGlobalSection
	GlobalSection(ExtensibilityGlobals) = postSolution
		SolutionGuid = {DC8F83D6-FECC-438D-9905-4823F0202DE9}
	EndGlobalSection
EndGlobal
